<?xml version="1.0" encoding="utf-8"?>
<Project ToolsVersion="14.0" xmlns="http://schemas.microsoft.com/developer/msbuild/2003">
  <ItemGroup>
    <Filter Include="Source Files">
      <UniqueIdentifier>38d21e1b-56bc-4f8a-a513-32907eada144</UniqueIdentifier>
      <Extensions>cpp;c;cxx;rc;def;r;odl;idl;hpj;bat</Extensions>
    </Filter>
    <Filter Include="Win32">
      <UniqueIdentifier>8ffadad1-628d-4c98-88bc-74d79fef69f6</UniqueIdentifier>
      <Extensions>dll</Extensions>
    </Filter>
    <Filter Include="x64">
      <UniqueIdentifier>d485bbd7-9e58-4d6d-ba3d-80f26e820233</UniqueIdentifier>
      <Extensions>dll</Extensions>
    </Filter>
  </ItemGroup>
  <ItemGroup>
    <ClCompile Include="pdftoolsvalidateconvert.c">
      <Filter>Source Files</Filter>
    </ClCompile>
  </ItemGroup>
  <ItemGroup>
    <ContentWithTargetPath Include="lib\win-x86\PdfToolsSdk.dll">
      <Filter>Win32</Filter>
    </ContentWithTargetPath>
    <ContentWithTargetPath Include="lib\win-x64\PdfToolsSdk.dll">
      <Filter>x64</Filter>
    </ContentWithTargetPath>
  </ItemGroup>
</Project>